
Microsoft Visual Studio Solution File, Format Version 12.00
# Visual Studio 15
VisualStudioVersion = 15.0.28307.1321
MinimumVisualStudioVersion = 10.0.40219.1
Project("{FAE04EC0-301F-11D3-BF4B-00C04F79EFBC}") = "LC-CodingChallenge", "LC-CodingChallenge\LC-CodingChallenge.csproj", "{8FFDED28-9D2A-4DE3-8924-B031A927BD45}"
EndProject
Project("{FAE04EC0-301F-11D3-BF4B-00C04F79EFBC}") = "Extensions", "Extensions\Extensions.csproj", "{937E0E0F-D9C8-4FCB-AD1F-B73D95E19494}"
EndProject
Project("{FAE04EC0-301F-11D3-BF4B-00C04F79EFBC}") = "LC-CodingChallenge.Repository", "LC-CodingChallenge.Repository\LC-CodingChallenge.Repository.csproj", "{0DDE9C34-6CD4-467E-A3A8-FE2235DE07E7}"
EndProject
Global
	GlobalSection(SolutionConfigurationPlatforms) = preSolution
		Debug|Any CPU = Debug|Any CPU
		Release|Any CPU = Release|Any CPU
	EndGlobalSection
	GlobalSection(ProjectConfigurationPlatforms) = postSolution
		{8FFDED28-9D2A-4DE3-8924-B031A927BD45}.Debug|Any CPU.ActiveCfg = Debug|Any CPU
		{8FFDED28-9D2A-4DE3-8924-B031A927BD45}.Debug|Any CPU.Build.0 = Debug|Any CPU
		{8FFDED28-9D2A-4DE3-8924-B031A927BD45}.Release|Any CPU.ActiveCfg = Release|Any CPU
		{8FFDED28-9D2A-4DE3-8924-B031A927BD45}.Release|Any CPU.Build.0 = Release|Any CPU
		{937E0E0F-D9C8-4FCB-AD1F-B73D95E19494}.Debug|Any CPU.ActiveCfg = Debug|Any CPU
		{937E0E0F-D9C8-4FCB-AD1F-B73D95E19494}.Debug|Any CPU.Build.0 = Debug|Any CPU
		{937E0E0F-D9C8-4FCB-AD1F-B73D95E19494}.Release|Any CPU.ActiveCfg = Release|Any CPU
		{937E0E0F-D9C8-4FCB-AD1F-B73D95E19494}.Release|Any CPU.Build.0 = Release|Any CPU
		{0DDE9C34-6CD4-467E-A3A8-FE2235DE07E7}.Debug|Any CPU.ActiveCfg = Debug|Any CPU
		{0DDE9C34-6CD4-467E-A3A8-FE2235DE07E7}.Debug|Any CPU.Build.0 = Debug|Any CPU
		{0DDE9C34-6CD4-467E-A3A8-FE2235DE07E7}.Release|Any CPU.ActiveCfg = Release|Any CPU
		{0DDE9C34-6CD4-467E-A3A8-FE2235DE07E7}.Release|Any CPU.Build.0 = Release|Any CPU
	EndGlobalSection
	GlobalSection(SolutionProperties) = preSolution
		HideSolutionNode = FALSE
	EndGlobalSection
	GlobalSection(ExtensibilityGlobals) = postSolution
		SolutionGuid = {DCC27FAC-BDC6-4A0C-A7CA-BD526A77D018}
	EndGlobalSection
EndGlobal
